// !$*UTF8*$!
{
	archiveVersion = 1;
	classes = {
	};
	objectVersion = 55;
	objects = {

/* Begin PBXBuildFile section */
		542167322813552C00C885A3 /* RuheApp.swift in Sources */ = {isa = PBXBuildFile; fileRef = 542167312813552C00C885A3 /* RuheApp.swift */; };
		542167342813552C00C885A3 /* MainView.swift in Sources */ = {isa = PBXBuildFile; fileRef = 542167332813552C00C885A3 /* MainView.swift */; };
		542167362813553300C885A3 /* Assets.xcassets in Resources */ = {isa = PBXBuildFile; fileRef = 542167352813553300C885A3 /* Assets.xcassets */; };
		542167392813553300C885A3 /* Preview Assets.xcassets in Resources */ = {isa = PBXBuildFile; fileRef = 542167382813553300C885A3 /* Preview Assets.xcassets */; };
		542167432813553400C885A3 /* RuheTests.swift in Sources */ = {isa = PBXBuildFile; fileRef = 542167422813553400C885A3 /* RuheTests.swift */; };
		5421674D2813553400C885A3 /* RuheUITests.swift in Sources */ = {isa = PBXBuildFile; fileRef = 5421674C2813553400C885A3 /* RuheUITests.swift */; };
		5421674F2813553400C885A3 /* RuheUITestsLaunchTests.swift in Sources */ = {isa = PBXBuildFile; fileRef = 5421674E2813553400C885A3 /* RuheUITestsLaunchTests.swift */; };
		5421675C2813574700C885A3 /* BreathView.swift in Sources */ = {isa = PBXBuildFile; fileRef = 5421675B2813574700C885A3 /* BreathView.swift */; };
		5421675E2813576000C885A3 /* BubblesView.swift in Sources */ = {isa = PBXBuildFile; fileRef = 5421675D2813576000C885A3 /* BubblesView.swift */; };
		542167602813577200C885A3 /* ChatView.swift in Sources */ = {isa = PBXBuildFile; fileRef = 5421675F2813577200C885A3 /* ChatView.swift */; };
		542167622813579500C885A3 /* ContentMessageView.swift in Sources */ = {isa = PBXBuildFile; fileRef = 542167612813579500C885A3 /* ContentMessageView.swift */; };
		54216764281357A900C885A3 /* Message.swift in Sources */ = {isa = PBXBuildFile; fileRef = 54216763281357A900C885A3 /* Message.swift */; };
		5421676728136D2D00C885A3 /* Extensions.swift in Sources */ = {isa = PBXBuildFile; fileRef = 5421676628136D2D00C885A3 /* Extensions.swift */; };
/* End PBXBuildFile section */

/* Begin PBXContainerItemProxy section */
		5421673F2813553400C885A3 /* PBXContainerItemProxy */ = {
			isa = PBXContainerItemProxy;
			containerPortal = 542167262813552C00C885A3 /* Project object */;
			proxyType = 1;
			remoteGlobalIDString = 5421672D2813552C00C885A3;
			remoteInfo = Ruhe;
		};
		542167492813553400C885A3 /* PBXContainerItemProxy */ = {
			isa = PBXContainerItemProxy;
			containerPortal = 542167262813552C00C885A3 /* Project object */;
			proxyType = 1;
			remoteGlobalIDString = 5421672D2813552C00C885A3;
			remoteInfo = Ruhe;
		};
/* End PBXContainerItemProxy section */

/* Begin PBXFileReference section */
		5421672E2813552C00C885A3 /* Ruhe.app */ = {isa = PBXFileReference; explicitFileType = wrapper.application; includeInIndex = 0; path = Ruhe.app; sourceTree = BUILT_PRODUCTS_DIR; };
		542167312813552C00C885A3 /* RuheApp.swift */ = {isa = PBXFileReference; lastKnownFileType = sourcecode.swift; path = RuheApp.swift; sourceTree = "<group>"; };
		542167332813552C00C885A3 /* MainView.swift */ = {isa = PBXFileReference; lastKnownFileType = sourcecode.swift; path = MainView.swift; sourceTree = "<group>"; };
		542167352813553300C885A3 /* Assets.xcassets */ = {isa = PBXFileReference; lastKnownFileType = folder.assetcatalog; path = Assets.xcassets; sourceTree = "<group>"; };
		542167382813553300C885A3 /* Preview Assets.xcassets */ = {isa = PBXFileReference; lastKnownFileType = folder.assetcatalog; path = "Preview Assets.xcassets"; sourceTree = "<group>"; };
		5421673E2813553400C885A3 /* RuheTests.xctest */ = {isa = PBXFileReference; explicitFileType = wrapper.cfbundle; includeInIndex = 0; path = RuheTests.xctest; sourceTree = BUILT_PRODUCTS_DIR; };
		542167422813553400C885A3 /* RuheTests.swift */ = {isa = PBXFileReference; lastKnownFileType = sourcecode.swift; path = RuheTests.swift; sourceTree = "<group>"; };
		542167482813553400C885A3 /* RuheUITests.xctest */ = {isa = PBXFileReference; explicitFileType = wrapper.cfbundle; includeInIndex = 0; path = RuheUITests.xctest; sourceTree = BUILT_PRODUCTS_DIR; };
		5421674C2813553400C885A3 /* RuheUITests.swift */ = {isa = PBXFileReference; lastKnownFileType = sourcecode.swift; path = RuheUITests.swift; sourceTree = "<group>"; };
		5421674E2813553400C885A3 /* RuheUITestsLaunchTests.swift */ = {isa = PBXFileReference; lastKnownFileType = sourcecode.swift; path = RuheUITestsLaunchTests.swift; sourceTree = "<group>"; };
		5421675B2813574700C885A3 /* BreathView.swift */ = {isa = PBXFileReference; lastKnownFileType = sourcecode.swift; path = BreathView.swift; sourceTree = "<group>"; };
		5421675D2813576000C885A3 /* BubblesView.swift */ = {isa = PBXFileReference; lastKnownFileType = sourcecode.swift; path = BubblesView.swift; sourceTree = "<group>"; };
		5421675F2813577200C885A3 /* ChatView.swift */ = {isa = PBXFileReference; lastKnownFileType = sourcecode.swift; path = ChatView.swift; sourceTree = "<group>"; };
		542167612813579500C885A3 /* ContentMessageView.swift */ = {isa = PBXFileReference; lastKnownFileType = sourcecode.swift; path = ContentMessageView.swift; sourceTree = "<group>"; };
		54216763281357A900C885A3 /* Message.swift */ = {isa = PBXFileReference; lastKnownFileType = sourcecode.swift; path = Message.swift; sourceTree = "<group>"; };
		5421676628136D2D00C885A3 /* Extensions.swift */ = {isa = PBXFileReference; lastKnownFileType = sourcecode.swift; path = Extensions.swift; sourceTree = "<group>"; };
/* End PBXFileReference section */

/* Begin PBXFrameworksBuildPhase section */
		5421672B2813552C00C885A3 /* Frameworks */ = {
			isa = PBXFrameworksBuildPhase;
			buildActionMask = 2147483647;
			files = (
			);
			runOnlyForDeploymentPostprocessing = 0;
		};
		5421673B2813553400C885A3 /* Frameworks */ = {
			isa = PBXFrameworksBuildPhase;
			buildActionMask = 2147483647;
			files = (
			);
			runOnlyForDeploymentPostprocessing = 0;
		};
		542167452813553400C885A3 /* Frameworks */ = {
			isa = PBXFrameworksBuildPhase;
			buildActionMask = 2147483647;
			files = (
			);
			runOnlyForDeploymentPostprocessing = 0;
		};
/* End PBXFrameworksBuildPhase section */

/* Begin PBXGroup section */
		542167252813552C00C885A3 = {
			isa = PBXGroup;
			children = (
				542167302813552C00C885A3 /* Ruhe */,
				542167412813553400C885A3 /* RuheTests */,
				5421674B2813553400C885A3 /* RuheUITests */,
				5421672F2813552C00C885A3 /* Products */,
			);
			sourceTree = "<group>";
		};
		5421672F2813552C00C885A3 /* Products */ = {
			isa = PBXGroup;
			children = (
				5421672E2813552C00C885A3 /* Ruhe.app */,
				5421673E2813553400C885A3 /* RuheTests.xctest */,
				542167482813553400C885A3 /* RuheUITests.xctest */,
			);
			name = Products;
			sourceTree = "<group>";
		};
		542167302813552C00C885A3 /* Ruhe */ = {
			isa = PBXGroup;
			children = (
				542167312813552C00C885A3 /* RuheApp.swift */,
				5421676628136D2D00C885A3 /* Extensions.swift */,
				542167652813599B00C885A3 /* Views */,
				54216763281357A900C885A3 /* Message.swift */,
				542167352813553300C885A3 /* Assets.xcassets */,
				542167372813553300C885A3 /* Preview Content */,
			);
			path = Ruhe;
			sourceTree = "<group>";
		};
		542167372813553300C885A3 /* Preview Content */ = {
			isa = PBXGroup;
			children = (
				542167382813553300C885A3 /* Preview Assets.xcassets */,
			);
			path = "Preview Content";
			sourceTree = "<group>";
		};
		542167412813553400C885A3 /* RuheTests */ = {
			isa = PBXGroup;
			children = (
				542167422813553400C885A3 /* RuheTests.swift */,
			);
			path = RuheTests;
			sourceTree = "<group>";
		};
		5421674B2813553400C885A3 /* RuheUITests */ = {
			isa = PBXGroup;
			children = (
				5421674C2813553400C885A3 /* RuheUITests.swift */,
				5421674E2813553400C885A3 /* RuheUITestsLaunchTests.swift */,
			);
			path = RuheUITests;
			sourceTree = "<group>";
		};
		542167652813599B00C885A3 /* Views */ = {
			isa = PBXGroup;
			children = (
				542167332813552C00C885A3 /* MainView.swift */,
				5421675B2813574700C885A3 /* BreathView.swift */,
				5421675D2813576000C885A3 /* BubblesView.swift */,
				5421675F2813577200C885A3 /* ChatView.swift */,
				542167612813579500C885A3 /* ContentMessageView.swift */,
			);
			path = Views;
			sourceTree = "<group>";
		};
/* End PBXGroup section */

/* Begin PBXNativeTarget section */
		5421672D2813552C00C885A3 /* Ruhe */ = {
			isa = PBXNativeTarget;
			buildConfigurationList = 542167522813553400C885A3 /* Build configuration list for PBXNativeTarget "Ruhe" */;
			buildPhases = (
				5421672A2813552C00C885A3 /* Sources */,
				5421672B2813552C00C885A3 /* Frameworks */,
				5421672C2813552C00C885A3 /* Resources */,
			);
			buildRules = (
			);
			dependencies = (
			);
			name = Ruhe;
			productName = Ruhe;
			productReference = 5421672E2813552C00C885A3 /* Ruhe.app */;
			productType = "com.apple.product-type.application";
		};
		5421673D2813553400C885A3 /* RuheTests */ = {
			isa = PBXNativeTarget;
			buildConfigurationList = 542167552813553400C885A3 /* Build configuration list for PBXNativeTarget "RuheTests" */;
			buildPhases = (
				5421673A2813553400C885A3 /* Sources */,
				5421673B2813553400C885A3 /* Frameworks */,
				5421673C2813553400C885A3 /* Resources */,
			);
			buildRules = (
			);
			dependencies = (
				542167402813553400C885A3 /* PBXTargetDependency */,
			);
			name = RuheTests;
			productName = RuheTests;
			productReference = 5421673E2813553400C885A3 /* RuheTests.xctest */;
			productType = "com.apple.product-type.bundle.unit-test";
		};
		542167472813553400C885A3 /* RuheUITests */ = {
			isa = PBXNativeTarget;
			buildConfigurationList = 542167582813553400C885A3 /* Build configuration list for PBXNativeTarget "RuheUITests" */;
			buildPhases = (
				542167442813553400C885A3 /* Sources */,
				542167452813553400C885A3 /* Frameworks */,
				542167462813553400C885A3 /* Resources */,
			);
			buildRules = (
			);
			dependencies = (
				5421674A2813553400C885A3 /* PBXTargetDependency */,
			);
			name = RuheUITests;
			productName = RuheUITests;
			productReference = 542167482813553400C885A3 /* RuheUITests.xctest */;
			productType = "com.apple.product-type.bundle.ui-testing";
		};
/* End PBXNativeTarget section */

/* Begin PBXProject section */
		542167262813552C00C885A3 /* Project object */ = {
			isa = PBXProject;
			attributes = {
				BuildIndependentTargetsInParallel = 1;
				LastSwiftUpdateCheck = 1330;
				LastUpgradeCheck = 1330;
				TargetAttributes = {
					5421672D2813552C00C885A3 = {
						CreatedOnToolsVersion = 13.3.1;
					};
					5421673D2813553400C885A3 = {
						CreatedOnToolsVersion = 13.3.1;
						TestTargetID = 5421672D2813552C00C885A3;
					};
					542167472813553400C885A3 = {
						CreatedOnToolsVersion = 13.3.1;
						TestTargetID = 5421672D2813552C00C885A3;
					};
				};
			};
			buildConfigurationList = 542167292813552C00C885A3 /* Build configuration list for PBXProject "Ruhe" */;
			compatibilityVersion = "Xcode 13.0";
			developmentRegion = en;
			hasScannedForEncodings = 0;
			knownRegions = (
				en,
				Base,
			);
			mainGroup = 542167252813552C00C885A3;
			productRefGroup = 5421672F2813552C00C885A3 /* Products */;
			projectDirPath = "";
			projectRoot = "";
			targets = (
				5421672D2813552C00C885A3 /* Ruhe */,
				5421673D2813553400C885A3 /* RuheTests */,
				542167472813553400C885A3 /* RuheUITests */,
			);
		};
/* End PBXProject section */

/* Begin PBXResourcesBuildPhase section */
		5421672C2813552C00C885A3 /* Resources */ = {
			isa = PBXResourcesBuildPhase;
			buildActionMask = 2147483647;
			files = (
				542167392813553300C885A3 /* Preview Assets.xcassets in Resources */,
				542167362813553300C885A3 /* Assets.xcassets in Resources */,
			);
			runOnlyForDeploymentPostprocessing = 0;
		};
		5421673C2813553400C885A3 /* Resources */ = {
			isa = PBXResourcesBuildPhase;
			buildActionMask = 2147483647;
			files = (
			);
			runOnlyForDeploymentPostprocessing = 0;
		};
		542167462813553400C885A3 /* Resources */ = {
			isa = PBXResourcesBuildPhase;
			buildActionMask = 2147483647;
			files = (
			);
			runOnlyForDeploymentPostprocessing = 0;
		};
/* End PBXResourcesBuildPhase section */

/* Begin PBXSourcesBuildPhase section */
		5421672A2813552C00C885A3 /* Sources */ = {
			isa = PBXSourcesBuildPhase;
			buildActionMask = 2147483647;
			files = (
				542167622813579500C885A3 /* ContentMessageView.swift in Sources */,
				542167342813552C00C885A3 /* MainView.swift in Sources */,
				5421675C2813574700C885A3 /* BreathView.swift in Sources */,
				5421676728136D2D00C885A3 /* Extensions.swift in Sources */,
				542167602813577200C885A3 /* ChatView.swift in Sources */,
				5421675E2813576000C885A3 /* BubblesView.swift in Sources */,
				542167322813552C00C885A3 /* RuheApp.swift in Sources */,
				54216764281357A900C885A3 /* Message.swift in Sources */,
			);
			runOnlyForDeploymentPostprocessing = 0;
		};
		5421673A2813553400C885A3 /* Sources */ = {
			isa = PBXSourcesBuildPhase;
			buildActionMask = 2147483647;
			files = (
				542167432813553400C885A3 /* RuheTests.swift in Sources */,
			);
			runOnlyForDeploymentPostprocessing = 0;
		};
		542167442813553400C885A3 /* Sources */ = {
			isa = PBXSourcesBuildPhase;
			buildActionMask = 2147483647;
			files = (
				5421674F2813553400C885A3 /* RuheUITestsLaunchTests.swift in Sources */,
				5421674D2813553400C885A3 /* RuheUITests.swift in Sources */,
			);
			runOnlyForDeploymentPostprocessing = 0;
		};
/* End PBXSourcesBuildPhase section */

/* Begin PBXTargetDependency section */
		542167402813553400C885A3 /* PBXTargetDependency */ = {
			isa = PBXTargetDependency;
			target = 5421672D2813552C00C885A3 /* Ruhe */;
			targetProxy = 5421673F2813553400C885A3 /* PBXContainerItemProxy */;
		};
		5421674A2813553400C885A3 /* PBXTargetDependency */ = {
			isa = PBXTargetDependency;
			target = 5421672D2813552C00C885A3 /* Ruhe */;
			targetProxy = 542167492813553400C885A3 /* PBXContainerItemProxy */;
		};
/* End PBXTargetDependency section */

/* Begin XCBuildConfiguration section */
		542167502813553400C885A3 /* Debug */ = {
			isa = XCBuildConfiguration;
			buildSettings = {
				ALWAYS_SEARCH_USER_PATHS = NO;
				CLANG_ANALYZER_NONNULL = YES;
				CLANG_ANALYZER_NUMBER_OBJECT_CONVERSION = YES_AGGRESSIVE;
				CLANG_CXX_LANGUAGE_STANDARD = "gnu++17";
				CLANG_ENABLE_MODULES = YES;
				CLANG_ENABLE_OBJC_ARC = YES;
				CLANG_ENABLE_OBJC_WEAK = YES;
				CLANG_WARN_BLOCK_CAPTURE_AUTORELEASING = YES;
				CLANG_WARN_BOOL_CONVERSION = YES;
				CLANG_WARN_COMMA = YES;
				CLANG_WARN_CONSTANT_CONVERSION = YES;
				CLANG_WARN_DEPRECATED_OBJC_IMPLEMENTATIONS = YES;
				CLANG_WARN_DIRECT_OBJC_ISA_USAGE = YES_ERROR;
				CLANG_WARN_DOCUMENTATION_COMMENTS = YES;
				CLANG_WARN_EMPTY_BODY = YES;
				CLANG_WARN_ENUM_CONVERSION = YES;
				CLANG_WARN_INFINITE_RECURSION = YES;
				CLANG_WARN_INT_CONVERSION = YES;
				CLANG_WARN_NON_LITERAL_NULL_CONVERSION = YES;
				CLANG_WARN_OBJC_IMPLICIT_RETAIN_SELF = YES;
				CLANG_WARN_OBJC_LITERAL_CONVERSION = YES;
				CLANG_WARN_OBJC_ROOT_CLASS = YES_ERROR;
				CLANG_WARN_QUOTED_INCLUDE_IN_FRAMEWORK_HEADER = YES;
				CLANG_WARN_RANGE_LOOP_ANALYSIS = YES;
				CLANG_WARN_STRICT_PROTOTYPES = YES;
				CLANG_WARN_SUSPICIOUS_MOVE = YES;
				CLANG_WARN_UNGUARDED_AVAILABILITY = YES_AGGRESSIVE;
				CLANG_WARN_UNREACHABLE_CODE = YES;
				CLANG_WARN__DUPLICATE_METHOD_MATCH = YES;
				COPY_PHASE_STRIP = NO;
				DEBUG_INFORMATION_FORMAT = dwarf;
				ENABLE_STRICT_OBJC_MSGSEND = YES;
				ENABLE_TESTABILITY = YES;
				GCC_C_LANGUAGE_STANDARD = gnu11;
				GCC_DYNAMIC_NO_PIC = NO;
				GCC_NO_COMMON_BLOCKS = YES;
				GCC_OPTIMIZATION_LEVEL = 0;
				GCC_PREPROCESSOR_DEFINITIONS = (
					"DEBUG=1",
					"$(inherited)",
				);
				GCC_WARN_64_TO_32_BIT_CONVERSION = YES;
				GCC_WARN_ABOUT_RETURN_TYPE = YES_ERROR;
				GCC_WARN_UNDECLARED_SELECTOR = YES;
				GCC_WARN_UNINITIALIZED_AUTOS = YES_AGGRESSIVE;
				GCC_WARN_UNUSED_FUNCTION = YES;
				GCC_WARN_UNUSED_VARIABLE = YES;
				IPHONEOS_DEPLOYMENT_TARGET = 15.4;
				MTL_ENABLE_DEBUG_INFO = INCLUDE_SOURCE;
				MTL_FAST_MATH = YES;
				ONLY_ACTIVE_ARCH = YES;
				SDKROOT = iphoneos;
				SWIFT_ACTIVE_COMPILATION_CONDITIONS = DEBUG;
				SWIFT_OPTIMIZATION_LEVEL = "-Onone";
			};
			name = Debug;
		};
		542167512813553400C885A3 /* Release */ = {
			isa = XCBuildConfiguration;
			buildSettings = {
				ALWAYS_SEARCH_USER_PATHS = NO;
				CLANG_ANALYZER_NONNULL = YES;
				CLANG_ANALYZER_NUMBER_OBJECT_CONVERSION = YES_AGGRESSIVE;
				CLANG_CXX_LANGUAGE_STANDARD = "gnu++17";
				CLANG_ENABLE_MODULES = YES;
				CLANG_ENABLE_OBJC_ARC = YES;
				CLANG_ENABLE_OBJC_WEAK = YES;
				CLANG_WARN_BLOCK_CAPTURE_AUTORELEASING = YES;
				CLANG_WARN_BOOL_CONVERSION = YES;
				CLANG_WARN_COMMA = YES;
				CLANG_WARN_CONSTANT_CONVERSION = YES;
				CLANG_WARN_DEPRECATED_OBJC_IMPLEMENTATIONS = YES;
				CLANG_WARN_DIRECT_OBJC_ISA_USAGE = YES_ERROR;
				CLANG_WARN_DOCUMENTATION_COMMENTS = YES;
				CLANG_WARN_EMPTY_BODY = YES;
				CLANG_WARN_ENUM_CONVERSION = YES;
				CLANG_WARN_INFINITE_RECURSION = YES;
				CLANG_WARN_INT_CONVERSION = YES;
				CLANG_WARN_NON_LITERAL_NULL_CONVERSION = YES;
				CLANG_WARN_OBJC_IMPLICIT_RETAIN_SELF = YES;
				CLANG_WARN_OBJC_LITERAL_CONVERSION = YES;
				CLANG_WARN_OBJC_ROOT_CLASS = YES_ERROR;
				CLANG_WARN_QUOTED_INCLUDE_IN_FRAMEWORK_HEADER = YES;
				CLANG_WARN_RANGE_LOOP_ANALYSIS = YES;
				CLANG_WARN_STRICT_PROTOTYPES = YES;
				CLANG_WARN_SUSPICIOUS_MOVE = YES;
				CLANG_WARN_UNGUARDED_AVAILABILITY = YES_AGGRESSIVE;
				CLANG_WARN_UNREACHABLE_CODE = YES;
				CLANG_WARN__DUPLICATE_METHOD_MATCH = YES;
				COPY_PHASE_STRIP = NO;
				DEBUG_INFORMATION_FORMAT = "dwarf-with-dsym";
				ENABLE_NS_ASSERTIONS = NO;
				ENABLE_STRICT_OBJC_MSGSEND = YES;
				GCC_C_LANGUAGE_STANDARD = gnu11;
				GCC_NO_COMMON_BLOCKS = YES;
				GCC_WARN_64_TO_32_BIT_CONVERSION = YES;
				GCC_WARN_ABOUT_RETURN_TYPE = YES_ERROR;
				GCC_WARN_UNDECLARED_SELECTOR = YES;
				GCC_WARN_UNINITIALIZED_AUTOS = YES_AGGRESSIVE;
				GCC_WARN_UNUSED_FUNCTION = YES;
				GCC_WARN_UNUSED_VARIABLE = YES;
				IPHONEOS_DEPLOYMENT_TARGET = 15.4;
				MTL_ENABLE_DEBUG_INFO = NO;
				MTL_FAST_MATH = YES;
				SDKROOT = iphoneos;
				SWIFT_COMPILATION_MODE = wholemodule;
				SWIFT_OPTIMIZATION_LEVEL = "-O";
				VALIDATE_PRODUCT = YES;
			};
			name = Release;
		};
		542167532813553400C885A3 /* Debug */ = {
			isa = XCBuildConfiguration;
			buildSettings = {
				ASSETCATALOG_COMPILER_APPICON_NAME = AppIcon;
				ASSETCATALOG_COMPILER_GLOBAL_ACCENT_COLOR_NAME = AccentColor;
				CODE_SIGN_STYLE = Automatic;
				CURRENT_PROJECT_VERSION = 1;
				DEVELOPMENT_ASSET_PATHS = "\"Ruhe/Preview Content\"";
				DEVELOPMENT_TEAM = 3C6AZK257V;
				ENABLE_PREVIEWS = YES;
				GENERATE_INFOPLIST_FILE = YES;
				INFOPLIST_KEY_UIApplicationSceneManifest_Generation = YES;
				INFOPLIST_KEY_UIApplicationSupportsIndirectInputEvents = YES;
				INFOPLIST_KEY_UILaunchScreen_Generation = YES;
				INFOPLIST_KEY_UISupportedInterfaceOrientations_iPad = "UIInterfaceOrientationPortrait UIInterfaceOrientationPortraitUpsideDown UIInterfaceOrientationLandscapeLeft UIInterfaceOrientationLandscapeRight";
				INFOPLIST_KEY_UISupportedInterfaceOrientations_iPhone = "UIInterfaceOrientationPortrait UIInterfaceOrientationLandscapeLeft UIInterfaceOrientationLandscapeRight";
				LD_RUNPATH_SEARCH_PATHS = (
					"$(inherited)",
					"@executable_path/Frameworks",
				);
				MARKETING_VERSION = 1.0;
				PRODUCT_BUNDLE_IDENTIFIER = com.evgeniia.Ruhe;
				PRODUCT_NAME = "$(TARGET_NAME)";
				SWIFT_EMIT_LOC_STRINGS = YES;
				SWIFT_VERSION = 5.0;
				TARGETED_DEVICE_FAMILY = "1,2";
			};
			name = Debug;
		};
		542167542813553400C885A3 /* Release */ = {
			isa = XCBuildConfiguration;
			buildSettings = {
				ASSETCATALOG_COMPILER_APPICON_NAME = AppIcon;
				ASSETCATALOG_COMPILER_GLOBAL_ACCENT_COLOR_NAME = AccentColor;
				CODE_SIGN_STYLE = Automatic;
				CURRENT_PROJECT_VERSION = 1;
				DEVELOPMENT_ASSET_PATHS = "\"Ruhe/Preview Content\"";
				DEVELOPMENT_TEAM = 3C6AZK257V;
				ENABLE_PREVIEWS = YES;
				GENERATE_INFOPLIST_FILE = YES;
				INFOPLIST_KEY_UIApplicationSceneManifest_Generation = YES;
				INFOPLIST_KEY_UIApplicationSupportsIndirectInputEvents = YES;
				INFOPLIST_KEY_UILaunchScreen_Generation = YES;
				INFOPLIST_KEY_UISupportedInterfaceOrientations_iPad = "UIInterfaceOrientationPortrait UIInterfaceOrientationPortraitUpsideDown UIInterfaceOrientationLandscapeLeft UIInterfaceOrientationLandscapeRight";
				INFOPLIST_KEY_UISupportedInterfaceOrientations_iPhone = "UIInterfaceOrientationPortrait UIInterfaceOrientationLandscapeLeft UIInterfaceOrientationLandscapeRight";
				LD_RUNPATH_SEARCH_PATHS = (
					"$(inherited)",
					"@executable_path/Frameworks",
				);
				MARKETING_VERSION = 1.0;
				PRODUCT_BUNDLE_IDENTIFIER = com.evgeniia.Ruhe;
				PRODUCT_NAME = "$(TARGET_NAME)";
				SWIFT_EMIT_LOC_STRINGS = YES;
				SWIFT_VERSION = 5.0;
				TARGETED_DEVICE_FAMILY = "1,2";
			};
			name = Release;
		};
		542167562813553400C885A3 /* Debug */ = {
			isa = XCBuildConfiguration;
			buildSettings = {
				ALWAYS_EMBED_SWIFT_STANDARD_LIBRARIES = YES;
				BUNDLE_LOADER = "$(TEST_HOST)";
				CODE_SIGN_STYLE = Automatic;
				CURRENT_PROJECT_VERSION = 1;
				DEVELOPMENT_TEAM = 3C6AZK257V;
				GENERATE_INFOPLIST_FILE = YES;
				IPHONEOS_DEPLOYMENT_TARGET = 15.4;
				MARKETING_VERSION = 1.0;
				PRODUCT_BUNDLE_IDENTIFIER = com.evgeniia.RuheTests;
				PRODUCT_NAME = "$(TARGET_NAME)";
				SWIFT_EMIT_LOC_STRINGS = NO;
				SWIFT_VERSION = 5.0;
				TARGETED_DEVICE_FAMILY = "1,2";
				TEST_HOST = "$(BUILT_PRODUCTS_DIR)/Ruhe.app/Ruhe";
			};
			name = Debug;
		};
		542167572813553400C885A3 /* Release */ = {
			isa = XCBuildConfiguration;
			buildSettings = {
				ALWAYS_EMBED_SWIFT_STANDARD_LIBRARIES = YES;
				BUNDLE_LOADER = "$(TEST_HOST)";
				CODE_SIGN_STYLE = Automatic;
				CURRENT_PROJECT_VERSION = 1;
				DEVELOPMENT_TEAM = 3C6AZK257V;
				GENERATE_INFOPLIST_FILE = YES;
				IPHONEOS_DEPLOYMENT_TARGET = 15.4;
				MARKETING_VERSION = 1.0;
				PRODUCT_BUNDLE_IDENTIFIER = com.evgeniia.RuheTests;
				PRODUCT_NAME = "$(TARGET_NAME)";
				SWIFT_EMIT_LOC_STRINGS = NO;
				SWIFT_VERSION = 5.0;
				TARGETED_DEVICE_FAMILY = "1,2";
				TEST_HOST = "$(BUILT_PRODUCTS_DIR)/Ruhe.app/Ruhe";
			};
			name = Release;
		};
		542167592813553400C885A3 /* Debug */ = {
			isa = XCBuildConfiguration;
			buildSettings = {
				ALWAYS_EMBED_SWIFT_STANDARD_LIBRARIES = YES;
				CODE_SIGN_STYLE = Automatic;
				CURRENT_PROJECT_VERSION = 1;
				DEVELOPMENT_TEAM = 3C6AZK257V;
				GENERATE_INFOPLIST_FILE = YES;
				MARKETING_VERSION = 1.0;
				PRODUCT_BUNDLE_IDENTIFIER = com.evgeniia.RuheUITests;
				PRODUCT_NAME = "$(TARGET_NAME)";
				SWIFT_EMIT_LOC_STRINGS = NO;
				SWIFT_VERSION = 5.0;
				TARGETED_DEVICE_FAMILY = "1,2";
				TEST_TARGET_NAME = Ruhe;
			};
			name = Debug;
		};
		5421675A2813553400C885A3 /* Release */ = {
			isa = XCBuildConfiguration;
			buildSettings = {
				ALWAYS_EMBED_SWIFT_STANDARD_LIBRARIES = YES;
				CODE_SIGN_STYLE = Automatic;
				CURRENT_PROJECT_VERSION = 1;
				DEVELOPMENT_TEAM = 3C6AZK257V;
				GENERATE_INFOPLIST_FILE = YES;
				MARKETING_VERSION = 1.0;
				PRODUCT_BUNDLE_IDENTIFIER = com.evgeniia.RuheUITests;
				PRODUCT_NAME = "$(TARGET_NAME)";
				SWIFT_EMIT_LOC_STRINGS = NO;
				SWIFT_VERSION = 5.0;
				TARGETED_DEVICE_FAMILY = "1,2";
				TEST_TARGET_NAME = Ruhe;
			};
			name = Release;
		};
/* End XCBuildConfiguration section */

/* Begin XCConfigurationList section */
		542167292813552C00C885A3 /* Build configuration list for PBXProject "Ruhe" */ = {
			isa = XCConfigurationList;
			buildConfigurations = (
				542167502813553400C885A3 /* Debug */,
				542167512813553400C885A3 /* Release */,
			);
			defaultConfigurationIsVisible = 0;
			defaultConfigurationName = Release;
		};
		542167522813553400C885A3 /* Build configuration list for PBXNativeTarget "Ruhe" */ = {
			isa = XCConfigurationList;
			buildConfigurations = (
				542167532813553400C885A3 /* Debug */,
				542167542813553400C885A3 /* Release */,
			);
			defaultConfigurationIsVisible = 0;
			defaultConfigurationName = Release;
		};
		542167552813553400C885A3 /* Build configuration list for PBXNativeTarget "RuheTests" */ = {
			isa = XCConfigurationList;
			buildConfigurations = (
				542167562813553400C885A3 /* Debug */,
				542167572813553400C885A3 /* Release */,
			);
			defaultConfigurationIsVisible = 0;
			defaultConfigurationName = Release;
		};
		542167582813553400C885A3 /* Build configuration list for PBXNativeTarget "RuheUITests" */ = {
			isa = XCConfigurationList;
			buildConfigurations = (
				542167592813553400C885A3 /* Debug */,
				5421675A2813553400C885A3 /* Release */,
			);
			defaultConfigurationIsVisible = 0;
			defaultConfigurationName = Release;
		};
/* End XCConfigurationList section */
	};
	rootObject = 542167262813552C00C885A3 /* Project object */;
}
